
Microsoft Visual Studio Solution File, Format Version 12.00
Project("{FAE04EC0-301F-11D3-BF4B-00C04F79EFBC}") = "ExcelVideoLabeler.API", "ExcelVideoLabeler.API\ExcelVideoLabeler.API.csproj", "{63893919-8F4A-4578-9BE6-479C361623A4}"
EndProject
Project("{FAE04EC0-301F-11D3-BF4B-00C04F79EFBC}") = "ExcelVideoLabeler.Domain", "ExcelVideoLabeler.Domain\ExcelVideoLabeler.Domain.csproj", "{4EEE261D-DEAC-490F-8B83-8906766292EC}"
EndProject
Project("{FAE04EC0-301F-11D3-BF4B-00C04F79EFBC}") = "ExcelVideoLabeler.Infrastructure", "ExcelVideoLabeler.Infrastructure\ExcelVideoLabeler.Infrastructure.csproj", "{8FFC860E-2177-48B5-97C2-30056EDC8EDD}"
EndProject
Global
	GlobalSection(SolutionConfigurationPlatforms) = preSolution
		Debug|Any CPU = Debug|Any CPU
		Release|Any CPU = Release|Any CPU
	EndGlobalSection
	GlobalSection(ProjectConfigurationPlatforms) = postSolution
		{63893919-8F4A-4578-9BE6-479C361623A4}.Debug|Any CPU.ActiveCfg = Debug|Any CPU
		{63893919-8F4A-4578-9BE6-479C361623A4}.Debug|Any CPU.Build.0 = Debug|Any CPU
		{63893919-8F4A-4578-9BE6-479C361623A4}.Release|Any CPU.ActiveCfg = Release|Any CPU
		{63893919-8F4A-4578-9BE6-479C361623A4}.Release|Any CPU.Build.0 = Release|Any CPU
		{4EEE261D-DEAC-490F-8B83-8906766292EC}.Debug|Any CPU.ActiveCfg = Debug|Any CPU
		{4EEE261D-DEAC-490F-8B83-8906766292EC}.Debug|Any CPU.Build.0 = Debug|Any CPU
		{4EEE261D-DEAC-490F-8B83-8906766292EC}.Release|Any CPU.ActiveCfg = Release|Any CPU
		{4EEE261D-DEAC-490F-8B83-8906766292EC}.Release|Any CPU.Build.0 = Release|Any CPU
		{8FFC860E-2177-48B5-97C2-30056EDC8EDD}.Debug|Any CPU.ActiveCfg = Debug|Any CPU
		{8FFC860E-2177-48B5-97C2-30056EDC8EDD}.Debug|Any CPU.Build.0 = Debug|Any CPU
		{8FFC860E-2177-48B5-97C2-30056EDC8EDD}.Release|Any CPU.ActiveCfg = Release|Any CPU
		{8FFC860E-2177-48B5-97C2-30056EDC8EDD}.Release|Any CPU.Build.0 = Release|Any CPU
	EndGlobalSection
EndGlobal
